
Microsoft Visual Studio Solution File, Format Version 12.00
# Visual Studio Version 17
VisualStudioVersion = 17.4.33205.214
MinimumVisualStudioVersion = 10.0.40219.1
Project("{FAE04EC0-301F-11D3-BF4B-00C04F79EFBC}") = "Breakout", "Breakout\Breakout.csproj", "{0AD15DAA-1D2D-4890-BC61-BCCD6E6CEEA6}"
EndProject
Project("{2150E333-8FDC-42A3-9474-1A3956D46DE8}") = "Solution Contents", "Solution Contents", "{C403D930-0E72-454A-A414-49303D9F598B}"
	ProjectSection(SolutionItems) = preProject
		Ideas.md = Ideas.md
	EndProjectSection
EndProject
Global
	GlobalSection(SolutionConfigurationPlatforms) = preSolution
		Debug|Any CPU = Debug|Any CPU
		Release|Any CPU = Release|Any CPU
	EndGlobalSection
	GlobalSection(ProjectConfigurationPlatforms) = postSolution
		{0AD15DAA-1D2D-4890-BC61-BCCD6E6CEEA6}.Debug|Any CPU.ActiveCfg = Debug|Any CPU
		{0AD15DAA-1D2D-4890-BC61-BCCD6E6CEEA6}.Debug|Any CPU.Build.0 = Debug|Any CPU
		{0AD15DAA-1D2D-4890-BC61-BCCD6E6CEEA6}.Release|Any CPU.ActiveCfg = Release|Any CPU
		{0AD15DAA-1D2D-4890-BC61-BCCD6E6CEEA6}.Release|Any CPU.Build.0 = Release|Any CPU
	EndGlobalSection
	GlobalSection(SolutionProperties) = preSolution
		HideSolutionNode = FALSE
	EndGlobalSection
	GlobalSection(ExtensibilityGlobals) = postSolution
		SolutionGuid = {84C18AEC-1C38-4865-AADC-DF4975F1355C}
	EndGlobalSection
EndGlobal
